
Microsoft Visual Studio Solution File, Format Version 12.00
# Visual Studio Version 17
VisualStudioVersion = 17.2.32526.322
MinimumVisualStudioVersion = 10.0.40219.1
Project("{FAE04EC0-301F-11D3-BF4B-00C04F79EFBC}") = "intdegiskeni", "Degiskenler\intdegiskeni.csproj", "{6BD16A8F-FE21-4962-A4A5-E1104DE6EE72}"
EndProject
Project("{FAE04EC0-301F-11D3-BF4B-00C04F79EFBC}") = "MerhabaDunya", "Merhaba Dunya\MerhabaDunya.csproj", "{45CC8B7C-E0D4-4EF2-830E-D762CE08C4C7}"
EndProject
Project("{FAE04EC0-301F-11D3-BF4B-00C04F79EFBC}") = "StringOrnekleri", "String Ornekleri\StringOrnekleri.csproj", "{31DB799F-F5F1-43A2-86B6-5635B4C93993}"
EndProject
Project("{FAE04EC0-301F-11D3-BF4B-00C04F79EFBC}") = "DortIslem", "DortIslem\DortIslem.csproj", "{63C58DEE-A142-4BF1-B22E-445597A4B7A6}"
EndProject
Project("{FAE04EC0-301F-11D3-BF4B-00C04F79EFBC}") = "AlanBulma", "AlanBulma\AlanBulma.csproj", "{EFF34482-3658-46E3-8DD3-F38EC5B405F6}"
EndProject
Project("{FAE04EC0-301F-11D3-BF4B-00C04F79EFBC}") = "DoubleDegiskenler", "DoubleDegiskenler\DoubleDegiskenler.csproj", "{7D11B6AC-5C6A-46DA-B677-50AD4AB1EB25}"
EndProject
Project("{FAE04EC0-301F-11D3-BF4B-00C04F79EFBC}") = "IfElseOrnek1", "IfElseOrnekleri\IfElseOrnek1.csproj", "{2CA69B6E-627D-442C-A72C-3AFD9E4666E9}"
EndProject
Project("{FAE04EC0-301F-11D3-BF4B-00C04F79EFBC}") = "SwitchCaseYapisi", "SwitchCaseYapisi\SwitchCaseYapisi.csproj", "{91B3523C-D497-45E0-80F7-02D7A738D417}"
EndProject
Project("{FAE04EC0-301F-11D3-BF4B-00C04F79EFBC}") = "Donguler", "Donguler\Donguler.csproj", "{FBCB6BC8-0284-49BD-896C-B3C6200D59C1}"
EndProject
Project("{FAE04EC0-301F-11D3-BF4B-00C04F79EFBC}") = "Diziler", "Diziler\Diziler.csproj", "{64EECD5A-0B5D-4041-BCD2-0CB393E61CE0}"
EndProject
Project("{FAE04EC0-301F-11D3-BF4B-00C04F79EFBC}") = "ForeachDongusu", "ForeachDongusu\ForeachDongusu.csproj", "{6B4EE2DC-B2C3-459C-9DB7-A76AB12ACA36}"
EndProject
Project("{FAE04EC0-301F-11D3-BF4B-00C04F79EFBC}") = "RandomKomutu", "RandomKomutu\RandomKomutu.csproj", "{E30118A5-9E87-43C6-88CA-EAEE364AA75D}"
EndProject
Project("{FAE04EC0-301F-11D3-BF4B-00C04F79EFBC}") = "CharveFloatDegiskeni", "CharveFloatDegiskeni\CharveFloatDegiskeni.csproj", "{95EF6EC8-807A-4E07-92A9-1207AF791516}"
EndProject
Project("{FAE04EC0-301F-11D3-BF4B-00C04F79EFBC}") = "DegıskenCesitleri", "DegıskenCesitleri\DegıskenCesitleri.csproj", "{13A557CC-1D49-4246-975F-30B24F042E19}"
EndProject
Project("{FAE04EC0-301F-11D3-BF4B-00C04F79EFBC}") = "ArkaPlanRengiDegistirme", "ArkaPlanRengiDegistirme\ArkaPlanRengiDegistirme.csproj", "{2EF31073-47B2-4D6C-A3AC-183C9BCC3656}"
EndProject
Project("{FAE04EC0-301F-11D3-BF4B-00C04F79EFBC}") = "CokBoyutluDiziler", "CokBoyutluDiziler\CokBoyutluDiziler.csproj", "{9B971A05-1853-4D53-A692-06433001DFB7}"
EndProject
Project("{FAE04EC0-301F-11D3-BF4B-00C04F79EFBC}") = "Fonksiyonlar", "Fonksiyonlar\Fonksiyonlar.csproj", "{2D732E9D-1EC9-4982-8149-DD4B65123338}"
EndProject
Project("{FAE04EC0-301F-11D3-BF4B-00C04F79EFBC}") = "YildizlarlaSekilCizme", "YildizlarlaSekilCizme\YildizlarlaSekilCizme.csproj", "{5348FD5B-59D4-4C30-AF79-3DFE17879F70}"
EndProject
Project("{FAE04EC0-301F-11D3-BF4B-00C04F79EFBC}") = "Metotlar", "Metotlar\Metotlar.csproj", "{2A1AAA1A-D13C-4F94-83F5-C4FFF1897A6F}"
EndProject
Project("{FAE04EC0-301F-11D3-BF4B-00C04F79EFBC}") = "Metotlar2", "Metotlar2\Metotlar2.csproj", "{002BBCF4-1086-4A5C-92B7-389D485BA656}"
EndProject
Project("{FAE04EC0-301F-11D3-BF4B-00C04F79EFBC}") = "Metotlar3", "Metotlar3\Metotlar3.csproj", "{E8AD9941-11EC-4E39-A711-5ABC74F83B4A}"
EndProject
Project("{FAE04EC0-301F-11D3-BF4B-00C04F79EFBC}") = "SinifYapisi", "SinifYapisi\SinifYapisi.csproj", "{EC3FCE8D-78C0-46B2-86A7-6FA1011D47C3}"
EndProject
Project("{FAE04EC0-301F-11D3-BF4B-00C04F79EFBC}") = "Siniflar2", "Siniflar2\Siniflar2.csproj", "{079798AC-A73D-494F-9D11-9A5B44C5F8CB}"
EndProject
Project("{FAE04EC0-301F-11D3-BF4B-00C04F79EFBC}") = "Siniflar3", "Siniflar3\Siniflar3.csproj", "{21310357-0484-4DB3-809C-809A37908459}"
EndProject
Project("{FAE04EC0-301F-11D3-BF4B-00C04F79EFBC}") = "Siniflar4", "Siniflar4\Siniflar4.csproj", "{53EFBBE6-0E43-412E-B683-07BC26CE6B62}"
EndProject
Project("{FAE04EC0-301F-11D3-BF4B-00C04F79EFBC}") = "Siniflar5", "Siniflar5\Siniflar5.csproj", "{CC303386-D34F-4BAA-AE82-DA6943F293E1}"
EndProject
Project("{FAE04EC0-301F-11D3-BF4B-00C04F79EFBC}") = "BilgiYarismasiOyunu", "BilgiYarismasiOyunu\BilgiYarismasiOyunu.csproj", "{45BB7FA0-1A3E-42D7-B350-675D783F2067}"
EndProject
Project("{FAE04EC0-301F-11D3-BF4B-00C04F79EFBC}") = "LigTurnuvasi", "LigTurnuvasi\LigTurnuvasi.csproj", "{54481F5B-4CA1-4661-895A-CD660979E566}"
EndProject
Project("{FAE04EC0-301F-11D3-BF4B-00C04F79EFBC}") = "YemekSepeti", "YemekSepeti\YemekSepeti.csproj", "{F8B35014-8989-4D60-BAF2-A9B450AF7206}"
EndProject
Project("{FAE04EC0-301F-11D3-BF4B-00C04F79EFBC}") = "AlgoritmaOrnekleri", "AlgoritmaOrnekleri\AlgoritmaOrnekleri.csproj", "{1D86395C-4B0B-4886-B130-20C30B54B3D3}"
EndProject
Global
	GlobalSection(SolutionConfigurationPlatforms) = preSolution
		Debug|Any CPU = Debug|Any CPU
		Release|Any CPU = Release|Any CPU
	EndGlobalSection
	GlobalSection(ProjectConfigurationPlatforms) = postSolution
		{6BD16A8F-FE21-4962-A4A5-E1104DE6EE72}.Debug|Any CPU.ActiveCfg = Debug|Any CPU
		{6BD16A8F-FE21-4962-A4A5-E1104DE6EE72}.Debug|Any CPU.Build.0 = Debug|Any CPU
		{6BD16A8F-FE21-4962-A4A5-E1104DE6EE72}.Release|Any CPU.ActiveCfg = Release|Any CPU
		{6BD16A8F-FE21-4962-A4A5-E1104DE6EE72}.Release|Any CPU.Build.0 = Release|Any CPU
		{45CC8B7C-E0D4-4EF2-830E-D762CE08C4C7}.Debug|Any CPU.ActiveCfg = Debug|Any CPU
		{45CC8B7C-E0D4-4EF2-830E-D762CE08C4C7}.Debug|Any CPU.Build.0 = Debug|Any CPU
		{45CC8B7C-E0D4-4EF2-830E-D762CE08C4C7}.Release|Any CPU.ActiveCfg = Release|Any CPU
		{45CC8B7C-E0D4-4EF2-830E-D762CE08C4C7}.Release|Any CPU.Build.0 = Release|Any CPU
		{31DB799F-F5F1-43A2-86B6-5635B4C93993}.Debug|Any CPU.ActiveCfg = Debug|Any CPU
		{31DB799F-F5F1-43A2-86B6-5635B4C93993}.Debug|Any CPU.Build.0 = Debug|Any CPU
		{31DB799F-F5F1-43A2-86B6-5635B4C93993}.Release|Any CPU.ActiveCfg = Release|Any CPU
		{31DB799F-F5F1-43A2-86B6-5635B4C93993}.Release|Any CPU.Build.0 = Release|Any CPU
		{63C58DEE-A142-4BF1-B22E-445597A4B7A6}.Debug|Any CPU.ActiveCfg = Debug|Any CPU
		{63C58DEE-A142-4BF1-B22E-445597A4B7A6}.Debug|Any CPU.Build.0 = Debug|Any CPU
		{63C58DEE-A142-4BF1-B22E-445597A4B7A6}.Release|Any CPU.ActiveCfg = Release|Any CPU
		{63C58DEE-A142-4BF1-B22E-445597A4B7A6}.Release|Any CPU.Build.0 = Release|Any CPU
		{EFF34482-3658-46E3-8DD3-F38EC5B405F6}.Debug|Any CPU.ActiveCfg = Debug|Any CPU
		{EFF34482-3658-46E3-8DD3-F38EC5B405F6}.Debug|Any CPU.Build.0 = Debug|Any CPU
		{EFF34482-3658-46E3-8DD3-F38EC5B405F6}.Release|Any CPU.ActiveCfg = Release|Any CPU
		{EFF34482-3658-46E3-8DD3-F38EC5B405F6}.Release|Any CPU.Build.0 = Release|Any CPU
		{7D11B6AC-5C6A-46DA-B677-50AD4AB1EB25}.Debug|Any CPU.ActiveCfg = Debug|Any CPU
		{7D11B6AC-5C6A-46DA-B677-50AD4AB1EB25}.Debug|Any CPU.Build.0 = Debug|Any CPU
		{7D11B6AC-5C6A-46DA-B677-50AD4AB1EB25}.Release|Any CPU.ActiveCfg = Release|Any CPU
		{7D11B6AC-5C6A-46DA-B677-50AD4AB1EB25}.Release|Any CPU.Build.0 = Release|Any CPU
		{2CA69B6E-627D-442C-A72C-3AFD9E4666E9}.Debug|Any CPU.ActiveCfg = Debug|Any CPU
		{2CA69B6E-627D-442C-A72C-3AFD9E4666E9}.Debug|Any CPU.Build.0 = Debug|Any CPU
		{2CA69B6E-627D-442C-A72C-3AFD9E4666E9}.Release|Any CPU.ActiveCfg = Release|Any CPU
		{2CA69B6E-627D-442C-A72C-3AFD9E4666E9}.Release|Any CPU.Build.0 = Release|Any CPU
		{91B3523C-D497-45E0-80F7-02D7A738D417}.Debug|Any CPU.ActiveCfg = Debug|Any CPU
		{91B3523C-D497-45E0-80F7-02D7A738D417}.Debug|Any CPU.Build.0 = Debug|Any CPU
		{91B3523C-D497-45E0-80F7-02D7A738D417}.Release|Any CPU.ActiveCfg = Release|Any CPU
		{91B3523C-D497-45E0-80F7-02D7A738D417}.Release|Any CPU.Build.0 = Release|Any CPU
		{FBCB6BC8-0284-49BD-896C-B3C6200D59C1}.Debug|Any CPU.ActiveCfg = Debug|Any CPU
		{FBCB6BC8-0284-49BD-896C-B3C6200D59C1}.Debug|Any CPU.Build.0 = Debug|Any CPU
		{FBCB6BC8-0284-49BD-896C-B3C6200D59C1}.Release|Any CPU.ActiveCfg = Release|Any CPU
		{FBCB6BC8-0284-49BD-896C-B3C6200D59C1}.Release|Any CPU.Build.0 = Release|Any CPU
		{64EECD5A-0B5D-4041-BCD2-0CB393E61CE0}.Debug|Any CPU.ActiveCfg = Debug|Any CPU
		{64EECD5A-0B5D-4041-BCD2-0CB393E61CE0}.Debug|Any CPU.Build.0 = Debug|Any CPU
		{64EECD5A-0B5D-4041-BCD2-0CB393E61CE0}.Release|Any CPU.ActiveCfg = Release|Any CPU
		{64EECD5A-0B5D-4041-BCD2-0CB393E61CE0}.Release|Any CPU.Build.0 = Release|Any CPU
		{6B4EE2DC-B2C3-459C-9DB7-A76AB12ACA36}.Debug|Any CPU.ActiveCfg = Debug|Any CPU
		{6B4EE2DC-B2C3-459C-9DB7-A76AB12ACA36}.Debug|Any CPU.Build.0 = Debug|Any CPU
		{6B4EE2DC-B2C3-459C-9DB7-A76AB12ACA36}.Release|Any CPU.ActiveCfg = Release|Any CPU
		{6B4EE2DC-B2C3-459C-9DB7-A76AB12ACA36}.Release|Any CPU.Build.0 = Release|Any CPU
		{E30118A5-9E87-43C6-88CA-EAEE364AA75D}.Debug|Any CPU.ActiveCfg = Debug|Any CPU
		{E30118A5-9E87-43C6-88CA-EAEE364AA75D}.Debug|Any CPU.Build.0 = Debug|Any CPU
		{E30118A5-9E87-43C6-88CA-EAEE364AA75D}.Release|Any CPU.ActiveCfg = Release|Any CPU
		{E30118A5-9E87-43C6-88CA-EAEE364AA75D}.Release|Any CPU.Build.0 = Release|Any CPU
		{95EF6EC8-807A-4E07-92A9-1207AF791516}.Debug|Any CPU.ActiveCfg = Debug|Any CPU
		{95EF6EC8-807A-4E07-92A9-1207AF791516}.Debug|Any CPU.Build.0 = Debug|Any CPU
		{95EF6EC8-807A-4E07-92A9-1207AF791516}.Release|Any CPU.ActiveCfg = Release|Any CPU
		{95EF6EC8-807A-4E07-92A9-1207AF791516}.Release|Any CPU.Build.0 = Release|Any CPU
		{13A557CC-1D49-4246-975F-30B24F042E19}.Debug|Any CPU.ActiveCfg = Debug|Any CPU
		{13A557CC-1D49-4246-975F-30B24F042E19}.Debug|Any CPU.Build.0 = Debug|Any CPU
		{13A557CC-1D49-4246-975F-30B24F042E19}.Release|Any CPU.ActiveCfg = Release|Any CPU
		{13A557CC-1D49-4246-975F-30B24F042E19}.Release|Any CPU.Build.0 = Release|Any CPU
		{2EF31073-47B2-4D6C-A3AC-183C9BCC3656}.Debug|Any CPU.ActiveCfg = Debug|Any CPU
		{2EF31073-47B2-4D6C-A3AC-183C9BCC3656}.Debug|Any CPU.Build.0 = Debug|Any CPU
		{2EF31073-47B2-4D6C-A3AC-183C9BCC3656}.Release|Any CPU.ActiveCfg = Release|Any CPU
		{2EF31073-47B2-4D6C-A3AC-183C9BCC3656}.Release|Any CPU.Build.0 = Release|Any CPU
		{9B971A05-1853-4D53-A692-06433001DFB7}.Debug|Any CPU.ActiveCfg = Debug|Any CPU
		{9B971A05-1853-4D53-A692-06433001DFB7}.Debug|Any CPU.Build.0 = Debug|Any CPU
		{9B971A05-1853-4D53-A692-06433001DFB7}.Release|Any CPU.ActiveCfg = Release|Any CPU
		{9B971A05-1853-4D53-A692-06433001DFB7}.Release|Any CPU.Build.0 = Release|Any CPU
		{2D732E9D-1EC9-4982-8149-DD4B65123338}.Debug|Any CPU.ActiveCfg = Debug|Any CPU
		{2D732E9D-1EC9-4982-8149-DD4B65123338}.Debug|Any CPU.Build.0 = Debug|Any CPU
		{2D732E9D-1EC9-4982-8149-DD4B65123338}.Release|Any CPU.ActiveCfg = Release|Any CPU
		{2D732E9D-1EC9-4982-8149-DD4B65123338}.Release|Any CPU.Build.0 = Release|Any CPU
		{5348FD5B-59D4-4C30-AF79-3DFE17879F70}.Debug|Any CPU.ActiveCfg = Debug|Any CPU
		{5348FD5B-59D4-4C30-AF79-3DFE17879F70}.Debug|Any CPU.Build.0 = Debug|Any CPU
		{5348FD5B-59D4-4C30-AF79-3DFE17879F70}.Release|Any CPU.ActiveCfg = Release|Any CPU
		{5348FD5B-59D4-4C30-AF79-3DFE17879F70}.Release|Any CPU.Build.0 = Release|Any CPU
		{2A1AAA1A-D13C-4F94-83F5-C4FFF1897A6F}.Debug|Any CPU.ActiveCfg = Debug|Any CPU
		{2A1AAA1A-D13C-4F94-83F5-C4FFF1897A6F}.Debug|Any CPU.Build.0 = Debug|Any CPU
		{2A1AAA1A-D13C-4F94-83F5-C4FFF1897A6F}.Release|Any CPU.ActiveCfg = Release|Any CPU
		{2A1AAA1A-D13C-4F94-83F5-C4FFF1897A6F}.Release|Any CPU.Build.0 = Release|Any CPU
		{002BBCF4-1086-4A5C-92B7-389D485BA656}.Debug|Any CPU.ActiveCfg = Debug|Any CPU
		{002BBCF4-1086-4A5C-92B7-389D485BA656}.Debug|Any CPU.Build.0 = Debug|Any CPU
		{002BBCF4-1086-4A5C-92B7-389D485BA656}.Release|Any CPU.ActiveCfg = Release|Any CPU
		{002BBCF4-1086-4A5C-92B7-389D485BA656}.Release|Any CPU.Build.0 = Release|Any CPU
		{E8AD9941-11EC-4E39-A711-5ABC74F83B4A}.Debug|Any CPU.ActiveCfg = Debug|Any CPU
		{E8AD9941-11EC-4E39-A711-5ABC74F83B4A}.Debug|Any CPU.Build.0 = Debug|Any CPU
		{E8AD9941-11EC-4E39-A711-5ABC74F83B4A}.Release|Any CPU.ActiveCfg = Release|Any CPU
		{E8AD9941-11EC-4E39-A711-5ABC74F83B4A}.Release|Any CPU.Build.0 = Release|Any CPU
		{EC3FCE8D-78C0-46B2-86A7-6FA1011D47C3}.Debug|Any CPU.ActiveCfg = Debug|Any CPU
		{EC3FCE8D-78C0-46B2-86A7-6FA1011D47C3}.Debug|Any CPU.Build.0 = Debug|Any CPU
		{EC3FCE8D-78C0-46B2-86A7-6FA1011D47C3}.Release|Any CPU.ActiveCfg = Release|Any CPU
		{EC3FCE8D-78C0-46B2-86A7-6FA1011D47C3}.Release|Any CPU.Build.0 = Release|Any CPU
		{079798AC-A73D-494F-9D11-9A5B44C5F8CB}.Debug|Any CPU.ActiveCfg = Debug|Any CPU
		{079798AC-A73D-494F-9D11-9A5B44C5F8CB}.Debug|Any CPU.Build.0 = Debug|Any CPU
		{079798AC-A73D-494F-9D11-9A5B44C5F8CB}.Release|Any CPU.ActiveCfg = Release|Any CPU
		{079798AC-A73D-494F-9D11-9A5B44C5F8CB}.Release|Any CPU.Build.0 = Release|Any CPU
		{21310357-0484-4DB3-809C-809A37908459}.Debug|Any CPU.ActiveCfg = Debug|Any CPU
		{21310357-0484-4DB3-809C-809A37908459}.Debug|Any CPU.Build.0 = Debug|Any CPU
		{21310357-0484-4DB3-809C-809A37908459}.Release|Any CPU.ActiveCfg = Release|Any CPU
		{21310357-0484-4DB3-809C-809A37908459}.Release|Any CPU.Build.0 = Release|Any CPU
		{53EFBBE6-0E43-412E-B683-07BC26CE6B62}.Debug|Any CPU.ActiveCfg = Debug|Any CPU
		{53EFBBE6-0E43-412E-B683-07BC26CE6B62}.Debug|Any CPU.Build.0 = Debug|Any CPU
		{53EFBBE6-0E43-412E-B683-07BC26CE6B62}.Release|Any CPU.ActiveCfg = Release|Any CPU
		{53EFBBE6-0E43-412E-B683-07BC26CE6B62}.Release|Any CPU.Build.0 = Release|Any CPU
		{CC303386-D34F-4BAA-AE82-DA6943F293E1}.Debug|Any CPU.ActiveCfg = Debug|Any CPU
		{CC303386-D34F-4BAA-AE82-DA6943F293E1}.Debug|Any CPU.Build.0 = Debug|Any CPU
		{CC303386-D34F-4BAA-AE82-DA6943F293E1}.Release|Any CPU.ActiveCfg = Release|Any CPU
		{CC303386-D34F-4BAA-AE82-DA6943F293E1}.Release|Any CPU.Build.0 = Release|Any CPU
		{45BB7FA0-1A3E-42D7-B350-675D783F2067}.Debug|Any CPU.ActiveCfg = Debug|Any CPU
		{45BB7FA0-1A3E-42D7-B350-675D783F2067}.Debug|Any CPU.Build.0 = Debug|Any CPU
		{45BB7FA0-1A3E-42D7-B350-675D783F2067}.Release|Any CPU.ActiveCfg = Release|Any CPU
		{45BB7FA0-1A3E-42D7-B350-675D783F2067}.Release|Any CPU.Build.0 = Release|Any CPU
		{54481F5B-4CA1-4661-895A-CD660979E566}.Debug|Any CPU.ActiveCfg = Debug|Any CPU
		{54481F5B-4CA1-4661-895A-CD660979E566}.Debug|Any CPU.Build.0 = Debug|Any CPU
		{54481F5B-4CA1-4661-895A-CD660979E566}.Release|Any CPU.ActiveCfg = Release|Any CPU
		{54481F5B-4CA1-4661-895A-CD660979E566}.Release|Any CPU.Build.0 = Release|Any CPU
		{F8B35014-8989-4D60-BAF2-A9B450AF7206}.Debug|Any CPU.ActiveCfg = Debug|Any CPU
		{F8B35014-8989-4D60-BAF2-A9B450AF7206}.Debug|Any CPU.Build.0 = Debug|Any CPU
		{F8B35014-8989-4D60-BAF2-A9B450AF7206}.Release|Any CPU.ActiveCfg = Release|Any CPU
		{F8B35014-8989-4D60-BAF2-A9B450AF7206}.Release|Any CPU.Build.0 = Release|Any CPU
		{1D86395C-4B0B-4886-B130-20C30B54B3D3}.Debug|Any CPU.ActiveCfg = Debug|Any CPU
		{1D86395C-4B0B-4886-B130-20C30B54B3D3}.Debug|Any CPU.Build.0 = Debug|Any CPU
		{1D86395C-4B0B-4886-B130-20C30B54B3D3}.Release|Any CPU.ActiveCfg = Release|Any CPU
		{1D86395C-4B0B-4886-B130-20C30B54B3D3}.Release|Any CPU.Build.0 = Release|Any CPU
	EndGlobalSection
	GlobalSection(SolutionProperties) = preSolution
		HideSolutionNode = FALSE
	EndGlobalSection
	GlobalSection(ExtensibilityGlobals) = postSolution
		SolutionGuid = {B0D9030B-6023-4C47-9298-2E985EB1C9EC}
	EndGlobalSection
EndGlobal
